{
  "version": 4,
  "terraform_version": "1.11.4",
  "serial": 4,
  "lineage": "1c45c3af-d53f-68b4-e782-68d4659f9632",
  "outputs": {
    "destination_bucket": {
      "value": "chetana-destination-s3",
      "type": "string"
    },
    "lambda_function_name": {
      "value": "MoveS3ObjectsLambda",
      "type": "string"
    },
    "source_bucket": {
      "value": "chetana-source-s3",
      "type": "string"
    }
  },
  "resources": [
    {
      "mode": "data",
      "type": "archive_file",
      "name": "lambda_zip",
      "provider": "provider[\"registry.terraform.io/hashicorp/archive\"]",
      "instances": [
        {
          "schema_version": 0,
          "attributes": {
            "exclude_symlink_directories": null,
            "excludes": null,
            "id": "d132ef991a33d37efdb633c4d501437121c82428",
            "output_base64sha256": "PuINEDbymdplpYpqavWBil6YXOMbxIyyHkjdDuEO2kk=",
            "output_base64sha512": "D71NFnyTBnP4APsy9yVPH4coj1pNnqaYyM7U3iw1ZWLelFmPCPYvUddqh/kAQ2HPKjgxg5MsaSnGLAFpu37dqw==",
            "output_file_mode": null,
            "output_md5": "67b74d6f8ab496c78b4a021219fa8f39",
            "output_path": "./lambda.zip",
            "output_sha": "d132ef991a33d37efdb633c4d501437121c82428",
            "output_sha256": "3ee20d1036f299da65a58a6a6af5818a5e985ce31bc48cb21e48dd0ee10eda49",
            "output_sha512": "0fbd4d167c930673f800fb32f7254f1f87288f5a4d9ea698c8ced4de2c356562de94598f08f62f51d76a87f9004361cf2a383183932c6929c62c0169bb7eddab",
            "output_size": 470,
            "source": [],
            "source_content": null,
            "source_content_filename": null,
            "source_dir": "./lambda",
            "source_file": null,
            "type": "zip"
          },
          "sensitive_attributes": []
        }
      ]
    },
    {
      "mode": "managed",
      "type": "aws_iam_role",
      "name": "lambda_exec_role",
      "provider": "provider[\"registry.terraform.io/hashicorp/aws\"]",
      "instances": [
        {
          "schema_version": 0,
          "attributes": {
            "arn": "arn:aws:iam::906034468147:role/lambda_s3_move_role",
            "assume_role_policy": "{\"Statement\":[{\"Action\":\"sts:AssumeRole\",\"Effect\":\"Allow\",\"Principal\":{\"Service\":\"lambda.amazonaws.com\"}}],\"Version\":\"2012-10-17\"}",
            "create_date": "2025-05-21T19:04:51Z",
            "description": "",
            "force_detach_policies": false,
            "id": "lambda_s3_move_role",
            "inline_policy": [],
            "managed_policy_arns": [],
            "max_session_duration": 3600,
            "name": "lambda_s3_move_role",
            "name_prefix": "",
            "path": "/",
            "permissions_boundary": "",
            "tags": null,
            "tags_all": {},
            "unique_id": "AROA5F4642UZ222FJK4EV"
          },
          "sensitive_attributes": [],
          "private": "bnVsbA=="
        }
      ]
    }
  ],
  "check_results": null
}
